# This file is generated by running "yarn install" inside your project.
# Manual changes might be lost - proceed with caution!

__metadata:
  version: 4
  cacheKey: 7

"angular-route@npm:^1.7.5":
  version: 1.7.5
  resolution: "angular-route@npm:1.7.5"
  checksum: 22079546766923b1917aed70156cbcd5bb12075a20819825f2c7b6466d2eba0280d143d39a23a4fd569bfcd7bad8f27b18befc56cf3d05fbe87f11ca932fe3b5
  languageName: node
  linkType: hard

"angular@npm:^1.7.5":
  version: 1.7.5
  resolution: "angular@npm:1.7.5"
  checksum: 78baf7bd61ddfa23e9e75b0b624c75e8f34ce328bdbfe8448cdec37824ce923d87ea684c4ced9e932f46df6c155db7b47a53cdbd3d07bf296363bf79a1a152a6
  languageName: node
  linkType: hard

"animate.css@latest, animate.css@npm:^3.7.0":
  version: 3.7.0
  resolution: "animate.css@npm:3.7.0"
  checksum: 22da06b046db0da3992e42a69f9e45e0b84c19cbf449df4500ae6a5b2bde5bac53c0ea312d823451347b946b5a94c6d804c88aec2b042068070f343db1ca2c9b
  languageName: node
  linkType: hard

"async@npm:^1.5.2":
  version: 1.5.2
  resolution: "async@npm:1.5.2"
  checksum: 1a83326544c94e5e18203e548f3abca73af85222017e3db6701a2a188044ec711543ccdd62ecae0afeb76f0efca505d61281404d4cef1a3ca576f7b10333d089
  languageName: node
  linkType: hard

"bootstrap@npm:^3.4.0":
  version: 3.4.0
  resolution: "bootstrap@npm:3.4.0"
  checksum: 6d32f5697b854149b9c7ad57b7156bbc9b080bd71e2d20193eaccd21f6f188ea436c284b82b7ba0b72ec1465e71002eb3b89c2f14e95992fc29f9f9dd07ad74d
  languageName: node
  linkType: hard

"brianpatino.venfo.xyz@workspace:.":
  version: 0.0.0-use.local
  resolution: "brianpatino.venfo.xyz@workspace:."
  dependencies:
    angular: ^1.7.5
    angular-route: ^1.7.5
    animate.css: ^3.7.0
    bootstrap: ^3.4.0
    font-awesome: ^4.7.0
    http-server: ^0.11.1
    jquery: ^3.3.1
    wowjs: ^1.1.3
  languageName: unknown
  linkType: soft

"colors@npm:1.0.3":
  version: 1.0.3
  resolution: "colors@npm:1.0.3"
  checksum: d5b1f35612744af0c24b1f80ec3bb8dccfb4a8441a1883d470295ac81ae8aef6f437ae05662595c1e0c98af27e1ad4e90ccd87f1a124cfc2b7953524f55fc951
  languageName: node
  linkType: hard

"corser@npm:~2.0.0":
  version: 2.0.1
  resolution: "corser@npm:2.0.1"
  checksum: 5af366b3eacfe1e6a0475e65afd30527a39d0b44c62a8889be0e9204399c22f0462acbec5db04e2ad4ed506b05273668a65688c6e6ebfbcc507a4097592698c2
  languageName: node
  linkType: hard

"debug@npm:=3.1.0":
  version: 3.1.0
  resolution: "debug@npm:3.1.0"
  dependencies:
    ms: 2.0.0
  checksum: 1295acd5e0531761255661d325cd0a80ac8c5f6de8942a53bb23c2197ccb97526972de662ed0e5d9393be83f3428a298a6e7185ecb02f0da6282019cd2ffb4a8
  languageName: node
  linkType: hard

"debug@npm:^2.2.0":
  version: 2.6.9
  resolution: "debug@npm:2.6.9"
  dependencies:
    ms: 2.0.0
  checksum: 559f44f98cf25e2ee489022aec173afbff746564cb108c4493becb95bc3c017a67bdaa25a0ff64801fd32c35051d00af0e56cc7f762ae2c3bc089496e5a1c31b
  languageName: node
  linkType: hard

"ecstatic@npm:^3.0.0":
  version: 3.3.0
  resolution: "ecstatic@npm:3.3.0"
  dependencies:
    he: ^1.1.1
    mime: ^1.6.0
    minimist: ^1.1.0
    url-join: ^2.0.5
  bin:
    ecstatic: ./lib/ecstatic.js
  checksum: 9d336f29f856bc315f0a64b2ac0dc7077f6293b637e6b51fc2400f278ccab17c27d0c1ddaa93ce354cc4248eb357ed8afd9ad953fd4186a0fc5604b09baff0a7
  languageName: node
  linkType: hard

"eventemitter3@npm:^3.0.0":
  version: 3.1.0
  resolution: "eventemitter3@npm:3.1.0"
  checksum: 19486c27a96a2f3870b5c3bdb980a413ba86317e7a249a8b30942c6bbde197bf392d9403bef82bd6042dca771f81a5a59c2b6eda90acedb3bd5035c8b4e7eef3
  languageName: node
  linkType: hard

"follow-redirects@npm:^1.0.0":
  version: 1.5.10
  resolution: "follow-redirects@npm:1.5.10"
  dependencies:
    debug: =3.1.0
  checksum: 6e58e02c31337b6b41ffc3d5f3d49920b7db428eddcf374537da00ef121fe473983e12d8557f4304287604168d3efcc288d1f009abaf4c9d61e5db0c0cee3c4a
  languageName: node
  linkType: hard

"font-awesome@npm:^4.7.0":
  version: 4.7.0
  resolution: "font-awesome@npm:4.7.0"
  checksum: 332215ef40b90cb33be5a8b571e99388050976b626b40d79dfdfa8387bbcecde67d4d7d14f66f4263481761e6498d9885723e4a1263380cf4968df8f720ad06d
  languageName: node
  linkType: hard

"he@npm:^1.1.1":
  version: 1.2.0
  resolution: "he@npm:1.2.0"
  bin:
    he: bin/he
  checksum: 212122003c20c8c17ac0c83a419b4c8e835411ff6ab9195d053ea6e4a0597cc005b5b8eabcbd57b0b0c0fe676f0049e09315845fff4e051198845491cbba260e
  languageName: node
  linkType: hard

"http-proxy@npm:^1.8.1":
  version: 1.17.0
  resolution: "http-proxy@npm:1.17.0"
  dependencies:
    eventemitter3: ^3.0.0
    follow-redirects: ^1.0.0
    requires-port: ^1.0.0
  checksum: 107bb95b4dc393dd665abc5500aab311cb8238447e04e25936218f38cbc9ecd382c99881e68f5dfb6675a61609d515e79581933ca4c78bf2076d7cbda46d603b
  languageName: node
  linkType: hard

"http-server@npm:^0.11.1":
  version: 0.11.1
  resolution: "http-server@npm:0.11.1"
  dependencies:
    colors: 1.0.3
    corser: ~2.0.0
    ecstatic: ^3.0.0
    http-proxy: ^1.8.1
    opener: ~1.4.0
    optimist: 0.6.x
    portfinder: ^1.0.13
    union: ~0.4.3
  bin:
    hs: ./bin/http-server
    http-server: ./bin/http-server
  checksum: d2cda3533ccc792c0442d6854aaa70f9e8467d6cd8903eeb105b4123137925b0cfb75b553167a360bd1d48dd3d637f76c257935245be6c7c269c54d35b103b11
  languageName: node
  linkType: hard

"jquery@npm:^3.3.1":
  version: 3.3.1
  resolution: "jquery@npm:3.3.1"
  checksum: 8ae4b249d6ae7cf0a4dd4ed7b966a6f5c2dad8e5df2734636098655b0c9b14c2144fb3addbd18b6f69d8fd00ad124d38e7d61a777c1b91ff0e468377f7247407
  languageName: node
  linkType: hard

"mime@npm:^1.6.0":
  version: 1.6.0
  resolution: "mime@npm:1.6.0"
  bin:
    mime: cli.js
  checksum: d540c24dd3e3a9e25e813714e55ff2f7841a3a1a47aed9786c508bd0251653d5e9abbfb1163c0c6e1be99f872d7fa1538c068bd6e306e9cb12dd9affa841a61e
  languageName: node
  linkType: hard

"minimist@npm:0.0.8":
  version: 0.0.8
  resolution: "minimist@npm:0.0.8"
  checksum: d71c4684bce92f9c0500e103498adb5e45bbda551763132a703306c2dab6f3a1f69eb6448c3ff3ea73fb562285dfd6ee3a354d5c0e5dd52e3d5f3037c82c0935
  languageName: node
  linkType: hard

"minimist@npm:^1.1.0":
  version: 1.2.0
  resolution: "minimist@npm:1.2.0"
  checksum: 80a1a219c0243e870be65b9605e2711eb5ce08639ae4ea8d8bbf8997d4eafe8a6b2af856c3e19c33f51faf40025f23c7668c7b916bca6f72e1bc2cf9189526ff
  languageName: node
  linkType: hard

"minimist@npm:~0.0.1":
  version: 0.0.10
  resolution: "minimist@npm:0.0.10"
  checksum: 2e45f013789db167eaffc5954531cd6adc9d1bcf86498b1a1de87f8aa4a3bb8ff393226107046a3e681e04e3ca8997156c9d7cf3a03a223ed5b535ae71d2e66e
  languageName: node
  linkType: hard

"mkdirp@npm:0.5.x":
  version: 0.5.1
  resolution: "mkdirp@npm:0.5.1"
  dependencies:
    minimist: 0.0.8
  bin:
    mkdirp: bin/cmd.js
  checksum: 8ef65f4f0c7642b2f6e7af417eb9f3f24e8d1e4d612eddc5b1ee3b0ef974ccfaafb38bba6cc9178510c5aae82a6ef9ad85037448c9856b2fb8308162a7c8987e
  languageName: node
  linkType: hard

"ms@npm:2.0.0":
  version: 2.0.0
  resolution: "ms@npm:2.0.0"
  checksum: 1a230340cc7f322fbe916783d8c8d60455407c6b7fb7f901d6ee34eb272402302c5c7f070a97b8531245cbb4ca6a0a623f6a128d7e5a5440cefa2c669c0b35bb
  languageName: node
  linkType: hard

"opener@npm:~1.4.0":
  version: 1.4.3
  resolution: "opener@npm:1.4.3"
  bin:
    opener: opener.js
  checksum: 6abd5218895a9096b4087cf0665c27e59c25b9b284b54b74941f24dc8b3a657e4e6085ed3377396f7f449c658bbd70f67dbe7a14c922dded1d3bfa9b6a419bbe
  languageName: node
  linkType: hard

"optimist@npm:0.6.x":
  version: 0.6.1
  resolution: "optimist@npm:0.6.1"
  dependencies:
    minimist: ~0.0.1
    wordwrap: ~0.0.2
  checksum: 14cb755f3864ce3459219e1c6a7cd043c7de14f0e6ec5acfc774728e9974a50ae153ebebfcf8a3d38f7bf273e120c6aae735b99d17377fa2c2e867df33402c16
  languageName: node
  linkType: hard

"portfinder@npm:^1.0.13":
  version: 1.0.20
  resolution: "portfinder@npm:1.0.20"
  dependencies:
    async: ^1.5.2
    debug: ^2.2.0
    mkdirp: 0.5.x
  checksum: fcadbc0dd61563b17d6abbc5ea7cbbba81796c2bb795f33a8dd00a92822bf79e2616bcd99af89088de29b86cc87a2b2f3bd6949970fab7ba0979b9f705012c9e
  languageName: node
  linkType: hard

"qs@npm:~2.3.3":
  version: 2.3.3
  resolution: "qs@npm:2.3.3"
  checksum: 7e8e8e09e9a2a809984497de42946612b992108f1b8678bb0070b7e391706d1432a725306d5616ecc01abb743223890f38551f8114c9db5edaa03c8b4d9b93ff
  languageName: node
  linkType: hard

"requires-port@npm:^1.0.0":
  version: 1.0.0
  resolution: "requires-port@npm:1.0.0"
  checksum: 0db25fb2ac9b4f2345a350846b7ba99d1f25a6686b1728246d14f05450c8f2fc066bdfae4561b4be2627c184a030a27e17268cfefdf46836e271db13734bc49e
  languageName: node
  linkType: hard

"union@npm:~0.4.3":
  version: 0.4.6
  resolution: "union@npm:0.4.6"
  dependencies:
    qs: ~2.3.3
  checksum: 084a5d09edd294302a19bc744ef4e4e219b9d70c5680d4b7c91a59161b92f519784d341b3135df0539c4f1e92910671bc337ff5891180bae6809197aa0a29f2c
  languageName: node
  linkType: hard

"url-join@npm:^2.0.5":
  version: 2.0.5
  resolution: "url-join@npm:2.0.5"
  checksum: 142e04d81bd5c2c71d6f499d20d97360e64c0654f691ed098514539508eb23ab2805ef33408b2718359e50ff35d5a841f607dc6d7d5e55b8bfc5906c6f7ddcb6
  languageName: node
  linkType: hard

"wordwrap@npm:~0.0.2":
  version: 0.0.3
  resolution: "wordwrap@npm:0.0.3"
  checksum: e8c84baa721bd7bc13a88e52e1bc25dd4d14accedafe04d24fbc400ba74ae6d620ac4eff5425d5cab342d1ff43f74396272492039b7d7a804bffd2039a153ff0
  languageName: node
  linkType: hard

"wowjs@npm:^1.1.3":
  version: 1.1.3
  resolution: "wowjs@npm:1.1.3"
  dependencies:
    animate.css: latest
  checksum: 80f2e98b48ef5297e17a1cbca1b2f0c84f7d629a155756f0043725a2f8fcc2b5e0656a183aed7d84d2022f7e4f2bf883ae0a7a3cd5bfbe0b10b7e72f99bea25b
  languageName: node
  linkType: hard
